// !$*UTF8*$!
{
	archiveVersion = 1;
	classes = {
	};
	objectVersion = 56;
	objects = {

/* Begin PBXBuildFile section */
		FD16AF4C2B37248100249587 /* FirstViewPresenter.swift in Sources */ = {isa = PBXBuildFile; fileRef = FD16AF4B2B37248100249587 /* FirstViewPresenter.swift */; };
		FD16AF4E2B3724DF00249587 /* FirstViewRouter.swift in Sources */ = {isa = PBXBuildFile; fileRef = FD16AF4D2B3724DF00249587 /* FirstViewRouter.swift */; };
		FD9892AA2B33228000029588 /* AppDelegate.swift in Sources */ = {isa = PBXBuildFile; fileRef = FD9892A92B33228000029588 /* AppDelegate.swift */; };
		FD9892AC2B33228000029588 /* SceneDelegate.swift in Sources */ = {isa = PBXBuildFile; fileRef = FD9892AB2B33228000029588 /* SceneDelegate.swift */; };
		FD9892AE2B33228000029588 /* FirstViewController.swift in Sources */ = {isa = PBXBuildFile; fileRef = FD9892AD2B33228000029588 /* FirstViewController.swift */; };
		FD9892B12B33228000029588 /* Main.storyboard in Resources */ = {isa = PBXBuildFile; fileRef = FD9892AF2B33228000029588 /* Main.storyboard */; };
		FD9892B32B33228100029588 /* Assets.xcassets in Resources */ = {isa = PBXBuildFile; fileRef = FD9892B22B33228100029588 /* Assets.xcassets */; };
		FD9892B62B33228100029588 /* LaunchScreen.storyboard in Resources */ = {isa = PBXBuildFile; fileRef = FD9892B42B33228100029588 /* LaunchScreen.storyboard */; };
		FD9892C12B33228100029588 /* VIPER_SwiftUI_Combine_SampleTests.swift in Sources */ = {isa = PBXBuildFile; fileRef = FD9892C02B33228100029588 /* VIPER_SwiftUI_Combine_SampleTests.swift */; };
		FD9892CB2B33228100029588 /* VIPER_SwiftUI_Combine_SampleUITests.swift in Sources */ = {isa = PBXBuildFile; fileRef = FD9892CA2B33228100029588 /* VIPER_SwiftUI_Combine_SampleUITests.swift */; };
		FD9892CD2B33228100029588 /* VIPER_SwiftUI_Combine_SampleUITestsLaunchTests.swift in Sources */ = {isa = PBXBuildFile; fileRef = FD9892CC2B33228100029588 /* VIPER_SwiftUI_Combine_SampleUITestsLaunchTests.swift */; };
		FD9892DA2B346D4000029588 /* FirstView.swift in Sources */ = {isa = PBXBuildFile; fileRef = FD9892D92B346D4000029588 /* FirstView.swift */; };
/* End PBXBuildFile section */

/* Begin PBXContainerItemProxy section */
		FD9892BD2B33228100029588 /* PBXContainerItemProxy */ = {
			isa = PBXContainerItemProxy;
			containerPortal = FD98929E2B33228000029588 /* Project object */;
			proxyType = 1;
			remoteGlobalIDString = FD9892A52B33228000029588;
			remoteInfo = "VIPER-SwiftUI-Combine-Sample";
		};
		FD9892C72B33228100029588 /* PBXContainerItemProxy */ = {
			isa = PBXContainerItemProxy;
			containerPortal = FD98929E2B33228000029588 /* Project object */;
			proxyType = 1;
			remoteGlobalIDString = FD9892A52B33228000029588;
			remoteInfo = "VIPER-SwiftUI-Combine-Sample";
		};
/* End PBXContainerItemProxy section */

/* Begin PBXFileReference section */
		FD16AF4B2B37248100249587 /* FirstViewPresenter.swift */ = {isa = PBXFileReference; lastKnownFileType = sourcecode.swift; path = FirstViewPresenter.swift; sourceTree = "<group>"; };
		FD16AF4D2B3724DF00249587 /* FirstViewRouter.swift */ = {isa = PBXFileReference; lastKnownFileType = sourcecode.swift; path = FirstViewRouter.swift; sourceTree = "<group>"; };
		FD9892A62B33228000029588 /* VIPER-SwiftUI-Combine-Sample.app */ = {isa = PBXFileReference; explicitFileType = wrapper.application; includeInIndex = 0; path = "VIPER-SwiftUI-Combine-Sample.app"; sourceTree = BUILT_PRODUCTS_DIR; };
		FD9892A92B33228000029588 /* AppDelegate.swift */ = {isa = PBXFileReference; lastKnownFileType = sourcecode.swift; path = AppDelegate.swift; sourceTree = "<group>"; };
		FD9892AB2B33228000029588 /* SceneDelegate.swift */ = {isa = PBXFileReference; lastKnownFileType = sourcecode.swift; path = SceneDelegate.swift; sourceTree = "<group>"; };
		FD9892AD2B33228000029588 /* FirstViewController.swift */ = {isa = PBXFileReference; lastKnownFileType = sourcecode.swift; path = FirstViewController.swift; sourceTree = "<group>"; };
		FD9892B02B33228000029588 /* Base */ = {isa = PBXFileReference; lastKnownFileType = file.storyboard; name = Base; path = Base.lproj/Main.storyboard; sourceTree = "<group>"; };
		FD9892B22B33228100029588 /* Assets.xcassets */ = {isa = PBXFileReference; lastKnownFileType = folder.assetcatalog; path = Assets.xcassets; sourceTree = "<group>"; };
		FD9892B52B33228100029588 /* Base */ = {isa = PBXFileReference; lastKnownFileType = file.storyboard; name = Base; path = Base.lproj/LaunchScreen.storyboard; sourceTree = "<group>"; };
		FD9892B72B33228100029588 /* Info.plist */ = {isa = PBXFileReference; lastKnownFileType = text.plist.xml; path = Info.plist; sourceTree = "<group>"; };
		FD9892BC2B33228100029588 /* VIPER-SwiftUI-Combine-SampleTests.xctest */ = {isa = PBXFileReference; explicitFileType = wrapper.cfbundle; includeInIndex = 0; path = "VIPER-SwiftUI-Combine-SampleTests.xctest"; sourceTree = BUILT_PRODUCTS_DIR; };
		FD9892C02B33228100029588 /* VIPER_SwiftUI_Combine_SampleTests.swift */ = {isa = PBXFileReference; lastKnownFileType = sourcecode.swift; path = VIPER_SwiftUI_Combine_SampleTests.swift; sourceTree = "<group>"; };
		FD9892C62B33228100029588 /* VIPER-SwiftUI-Combine-SampleUITests.xctest */ = {isa = PBXFileReference; explicitFileType = wrapper.cfbundle; includeInIndex = 0; path = "VIPER-SwiftUI-Combine-SampleUITests.xctest"; sourceTree = BUILT_PRODUCTS_DIR; };
		FD9892CA2B33228100029588 /* VIPER_SwiftUI_Combine_SampleUITests.swift */ = {isa = PBXFileReference; lastKnownFileType = sourcecode.swift; path = VIPER_SwiftUI_Combine_SampleUITests.swift; sourceTree = "<group>"; };
		FD9892CC2B33228100029588 /* VIPER_SwiftUI_Combine_SampleUITestsLaunchTests.swift */ = {isa = PBXFileReference; lastKnownFileType = sourcecode.swift; path = VIPER_SwiftUI_Combine_SampleUITestsLaunchTests.swift; sourceTree = "<group>"; };
		FD9892D92B346D4000029588 /* FirstView.swift */ = {isa = PBXFileReference; lastKnownFileType = sourcecode.swift; path = FirstView.swift; sourceTree = "<group>"; };
/* End PBXFileReference section */

/* Begin PBXFrameworksBuildPhase section */
		FD9892A32B33228000029588 /* Frameworks */ = {
			isa = PBXFrameworksBuildPhase;
			buildActionMask = 2147483647;
			files = (
			);
			runOnlyForDeploymentPostprocessing = 0;
		};
		FD9892B92B33228100029588 /* Frameworks */ = {
			isa = PBXFrameworksBuildPhase;
			buildActionMask = 2147483647;
			files = (
			);
			runOnlyForDeploymentPostprocessing = 0;
		};
		FD9892C32B33228100029588 /* Frameworks */ = {
			isa = PBXFrameworksBuildPhase;
			buildActionMask = 2147483647;
			files = (
			);
			runOnlyForDeploymentPostprocessing = 0;
		};
/* End PBXFrameworksBuildPhase section */

/* Begin PBXGroup section */
		FD98929D2B33228000029588 = {
			isa = PBXGroup;
			children = (
				FD9892A82B33228000029588 /* VIPER-SwiftUI-Combine-Sample */,
				FD9892BF2B33228100029588 /* VIPER-SwiftUI-Combine-SampleTests */,
				FD9892C92B33228100029588 /* VIPER-SwiftUI-Combine-SampleUITests */,
				FD9892A72B33228000029588 /* Products */,
			);
			sourceTree = "<group>";
		};
		FD9892A72B33228000029588 /* Products */ = {
			isa = PBXGroup;
			children = (
				FD9892A62B33228000029588 /* VIPER-SwiftUI-Combine-Sample.app */,
				FD9892BC2B33228100029588 /* VIPER-SwiftUI-Combine-SampleTests.xctest */,
				FD9892C62B33228100029588 /* VIPER-SwiftUI-Combine-SampleUITests.xctest */,
			);
			name = Products;
			sourceTree = "<group>";
		};
		FD9892A82B33228000029588 /* VIPER-SwiftUI-Combine-Sample */ = {
			isa = PBXGroup;
			children = (
				FD9892A92B33228000029588 /* AppDelegate.swift */,
				FD9892AB2B33228000029588 /* SceneDelegate.swift */,
				FD9892D92B346D4000029588 /* FirstView.swift */,
				FD9892AD2B33228000029588 /* FirstViewController.swift */,
				FD16AF4B2B37248100249587 /* FirstViewPresenter.swift */,
				FD16AF4D2B3724DF00249587 /* FirstViewRouter.swift */,
				FD9892AF2B33228000029588 /* Main.storyboard */,
				FD9892B22B33228100029588 /* Assets.xcassets */,
				FD9892B42B33228100029588 /* LaunchScreen.storyboard */,
				FD9892B72B33228100029588 /* Info.plist */,
			);
			path = "VIPER-SwiftUI-Combine-Sample";
			sourceTree = "<group>";
		};
		FD9892BF2B33228100029588 /* VIPER-SwiftUI-Combine-SampleTests */ = {
			isa = PBXGroup;
			children = (
				FD9892C02B33228100029588 /* VIPER_SwiftUI_Combine_SampleTests.swift */,
			);
			path = "VIPER-SwiftUI-Combine-SampleTests";
			sourceTree = "<group>";
		};
		FD9892C92B33228100029588 /* VIPER-SwiftUI-Combine-SampleUITests */ = {
			isa = PBXGroup;
			children = (
				FD9892CA2B33228100029588 /* VIPER_SwiftUI_Combine_SampleUITests.swift */,
				FD9892CC2B33228100029588 /* VIPER_SwiftUI_Combine_SampleUITestsLaunchTests.swift */,
			);
			path = "VIPER-SwiftUI-Combine-SampleUITests";
			sourceTree = "<group>";
		};
/* End PBXGroup section */

/* Begin PBXNativeTarget section */
		FD9892A52B33228000029588 /* VIPER-SwiftUI-Combine-Sample */ = {
			isa = PBXNativeTarget;
			buildConfigurationList = FD9892D02B33228100029588 /* Build configuration list for PBXNativeTarget "VIPER-SwiftUI-Combine-Sample" */;
			buildPhases = (
				FD9892A22B33228000029588 /* Sources */,
				FD9892A32B33228000029588 /* Frameworks */,
				FD9892A42B33228000029588 /* Resources */,
			);
			buildRules = (
			);
			dependencies = (
			);
			name = "VIPER-SwiftUI-Combine-Sample";
			productName = "VIPER-SwiftUI-Combine-Sample";
			productReference = FD9892A62B33228000029588 /* VIPER-SwiftUI-Combine-Sample.app */;
			productType = "com.apple.product-type.application";
		};
		FD9892BB2B33228100029588 /* VIPER-SwiftUI-Combine-SampleTests */ = {
			isa = PBXNativeTarget;
			buildConfigurationList = FD9892D32B33228100029588 /* Build configuration list for PBXNativeTarget "VIPER-SwiftUI-Combine-SampleTests" */;
			buildPhases = (
				FD9892B82B33228100029588 /* Sources */,
				FD9892B92B33228100029588 /* Frameworks */,
				FD9892BA2B33228100029588 /* Resources */,
			);
			buildRules = (
			);
			dependencies = (
				FD9892BE2B33228100029588 /* PBXTargetDependency */,
			);
			name = "VIPER-SwiftUI-Combine-SampleTests";
			productName = "VIPER-SwiftUI-Combine-SampleTests";
			productReference = FD9892BC2B33228100029588 /* VIPER-SwiftUI-Combine-SampleTests.xctest */;
			productType = "com.apple.product-type.bundle.unit-test";
		};
		FD9892C52B33228100029588 /* VIPER-SwiftUI-Combine-SampleUITests */ = {
			isa = PBXNativeTarget;
			buildConfigurationList = FD9892D62B33228100029588 /* Build configuration list for PBXNativeTarget "VIPER-SwiftUI-Combine-SampleUITests" */;
			buildPhases = (
				FD9892C22B33228100029588 /* Sources */,
				FD9892C32B33228100029588 /* Frameworks */,
				FD9892C42B33228100029588 /* Resources */,
			);
			buildRules = (
			);
			dependencies = (
				FD9892C82B33228100029588 /* PBXTargetDependency */,
			);
			name = "VIPER-SwiftUI-Combine-SampleUITests";
			productName = "VIPER-SwiftUI-Combine-SampleUITests";
			productReference = FD9892C62B33228100029588 /* VIPER-SwiftUI-Combine-SampleUITests.xctest */;
			productType = "com.apple.product-type.bundle.ui-testing";
		};
/* End PBXNativeTarget section */

/* Begin PBXProject section */
		FD98929E2B33228000029588 /* Project object */ = {
			isa = PBXProject;
			attributes = {
				BuildIndependentTargetsInParallel = 1;
				LastSwiftUpdateCheck = 1500;
				LastUpgradeCheck = 1500;
				TargetAttributes = {
					FD9892A52B33228000029588 = {
						CreatedOnToolsVersion = 15.0.1;
					};
					FD9892BB2B33228100029588 = {
						CreatedOnToolsVersion = 15.0.1;
						TestTargetID = FD9892A52B33228000029588;
					};
					FD9892C52B33228100029588 = {
						CreatedOnToolsVersion = 15.0.1;
						TestTargetID = FD9892A52B33228000029588;
					};
				};
			};
			buildConfigurationList = FD9892A12B33228000029588 /* Build configuration list for PBXProject "VIPER-SwiftUI-Combine-Sample" */;
			compatibilityVersion = "Xcode 14.0";
			developmentRegion = en;
			hasScannedForEncodings = 0;
			knownRegions = (
				en,
				Base,
			);
			mainGroup = FD98929D2B33228000029588;
			productRefGroup = FD9892A72B33228000029588 /* Products */;
			projectDirPath = "";
			projectRoot = "";
			targets = (
				FD9892A52B33228000029588 /* VIPER-SwiftUI-Combine-Sample */,
				FD9892BB2B33228100029588 /* VIPER-SwiftUI-Combine-SampleTests */,
				FD9892C52B33228100029588 /* VIPER-SwiftUI-Combine-SampleUITests */,
			);
		};
/* End PBXProject section */

/* Begin PBXResourcesBuildPhase section */
		FD9892A42B33228000029588 /* Resources */ = {
			isa = PBXResourcesBuildPhase;
			buildActionMask = 2147483647;
			files = (
				FD9892B62B33228100029588 /* LaunchScreen.storyboard in Resources */,
				FD9892B32B33228100029588 /* Assets.xcassets in Resources */,
				FD9892B12B33228000029588 /* Main.storyboard in Resources */,
			);
			runOnlyForDeploymentPostprocessing = 0;
		};
		FD9892BA2B33228100029588 /* Resources */ = {
			isa = PBXResourcesBuildPhase;
			buildActionMask = 2147483647;
			files = (
			);
			runOnlyForDeploymentPostprocessing = 0;
		};
		FD9892C42B33228100029588 /* Resources */ = {
			isa = PBXResourcesBuildPhase;
			buildActionMask = 2147483647;
			files = (
			);
			runOnlyForDeploymentPostprocessing = 0;
		};
/* End PBXResourcesBuildPhase section */

/* Begin PBXSourcesBuildPhase section */
		FD9892A22B33228000029588 /* Sources */ = {
			isa = PBXSourcesBuildPhase;
			buildActionMask = 2147483647;
			files = (
				FD16AF4E2B3724DF00249587 /* FirstViewRouter.swift in Sources */,
				FD9892AE2B33228000029588 /* FirstViewController.swift in Sources */,
				FD9892DA2B346D4000029588 /* FirstView.swift in Sources */,
				FD9892AA2B33228000029588 /* AppDelegate.swift in Sources */,
				FD16AF4C2B37248100249587 /* FirstViewPresenter.swift in Sources */,
				FD9892AC2B33228000029588 /* SceneDelegate.swift in Sources */,
			);
			runOnlyForDeploymentPostprocessing = 0;
		};
		FD9892B82B33228100029588 /* Sources */ = {
			isa = PBXSourcesBuildPhase;
			buildActionMask = 2147483647;
			files = (
				FD9892C12B33228100029588 /* VIPER_SwiftUI_Combine_SampleTests.swift in Sources */,
			);
			runOnlyForDeploymentPostprocessing = 0;
		};
		FD9892C22B33228100029588 /* Sources */ = {
			isa = PBXSourcesBuildPhase;
			buildActionMask = 2147483647;
			files = (
				FD9892CB2B33228100029588 /* VIPER_SwiftUI_Combine_SampleUITests.swift in Sources */,
				FD9892CD2B33228100029588 /* VIPER_SwiftUI_Combine_SampleUITestsLaunchTests.swift in Sources */,
			);
			runOnlyForDeploymentPostprocessing = 0;
		};
/* End PBXSourcesBuildPhase section */

/* Begin PBXTargetDependency section */
		FD9892BE2B33228100029588 /* PBXTargetDependency */ = {
			isa = PBXTargetDependency;
			target = FD9892A52B33228000029588 /* VIPER-SwiftUI-Combine-Sample */;
			targetProxy = FD9892BD2B33228100029588 /* PBXContainerItemProxy */;
		};
		FD9892C82B33228100029588 /* PBXTargetDependency */ = {
			isa = PBXTargetDependency;
			target = FD9892A52B33228000029588 /* VIPER-SwiftUI-Combine-Sample */;
			targetProxy = FD9892C72B33228100029588 /* PBXContainerItemProxy */;
		};
/* End PBXTargetDependency section */

/* Begin PBXVariantGroup section */
		FD9892AF2B33228000029588 /* Main.storyboard */ = {
			isa = PBXVariantGroup;
			children = (
				FD9892B02B33228000029588 /* Base */,
			);
			name = Main.storyboard;
			sourceTree = "<group>";
		};
		FD9892B42B33228100029588 /* LaunchScreen.storyboard */ = {
			isa = PBXVariantGroup;
			children = (
				FD9892B52B33228100029588 /* Base */,
			);
			name = LaunchScreen.storyboard;
			sourceTree = "<group>";
		};
/* End PBXVariantGroup section */

/* Begin XCBuildConfiguration section */
		FD9892CE2B33228100029588 /* Debug */ = {
			isa = XCBuildConfiguration;
			buildSettings = {
				ALWAYS_SEARCH_USER_PATHS = NO;
				ASSETCATALOG_COMPILER_GENERATE_SWIFT_ASSET_SYMBOL_EXTENSIONS = YES;
				CLANG_ANALYZER_NONNULL = YES;
				CLANG_ANALYZER_NUMBER_OBJECT_CONVERSION = YES_AGGRESSIVE;
				CLANG_CXX_LANGUAGE_STANDARD = "gnu++20";
				CLANG_ENABLE_MODULES = YES;
				CLANG_ENABLE_OBJC_ARC = YES;
				CLANG_ENABLE_OBJC_WEAK = YES;
				CLANG_WARN_BLOCK_CAPTURE_AUTORELEASING = YES;
				CLANG_WARN_BOOL_CONVERSION = YES;
				CLANG_WARN_COMMA = YES;
				CLANG_WARN_CONSTANT_CONVERSION = YES;
				CLANG_WARN_DEPRECATED_OBJC_IMPLEMENTATIONS = YES;
				CLANG_WARN_DIRECT_OBJC_ISA_USAGE = YES_ERROR;
				CLANG_WARN_DOCUMENTATION_COMMENTS = YES;
				CLANG_WARN_EMPTY_BODY = YES;
				CLANG_WARN_ENUM_CONVERSION = YES;
				CLANG_WARN_INFINITE_RECURSION = YES;
				CLANG_WARN_INT_CONVERSION = YES;
				CLANG_WARN_NON_LITERAL_NULL_CONVERSION = YES;
				CLANG_WARN_OBJC_IMPLICIT_RETAIN_SELF = YES;
				CLANG_WARN_OBJC_LITERAL_CONVERSION = YES;
				CLANG_WARN_OBJC_ROOT_CLASS = YES_ERROR;
				CLANG_WARN_QUOTED_INCLUDE_IN_FRAMEWORK_HEADER = YES;
				CLANG_WARN_RANGE_LOOP_ANALYSIS = YES;
				CLANG_WARN_STRICT_PROTOTYPES = YES;
				CLANG_WARN_SUSPICIOUS_MOVE = YES;
				CLANG_WARN_UNGUARDED_AVAILABILITY = YES_AGGRESSIVE;
				CLANG_WARN_UNREACHABLE_CODE = YES;
				CLANG_WARN__DUPLICATE_METHOD_MATCH = YES;
				COPY_PHASE_STRIP = NO;
				DEBUG_INFORMATION_FORMAT = dwarf;
				ENABLE_STRICT_OBJC_MSGSEND = YES;
				ENABLE_TESTABILITY = YES;
				ENABLE_USER_SCRIPT_SANDBOXING = YES;
				GCC_C_LANGUAGE_STANDARD = gnu17;
				GCC_DYNAMIC_NO_PIC = NO;
				GCC_NO_COMMON_BLOCKS = YES;
				GCC_OPTIMIZATION_LEVEL = 0;
				GCC_PREPROCESSOR_DEFINITIONS = (
					"DEBUG=1",
					"$(inherited)",
				);
				GCC_WARN_64_TO_32_BIT_CONVERSION = YES;
				GCC_WARN_ABOUT_RETURN_TYPE = YES_ERROR;
				GCC_WARN_UNDECLARED_SELECTOR = YES;
				GCC_WARN_UNINITIALIZED_AUTOS = YES_AGGRESSIVE;
				GCC_WARN_UNUSED_FUNCTION = YES;
				GCC_WARN_UNUSED_VARIABLE = YES;
				IPHONEOS_DEPLOYMENT_TARGET = 17.0;
				LOCALIZATION_PREFERS_STRING_CATALOGS = YES;
				MTL_ENABLE_DEBUG_INFO = INCLUDE_SOURCE;
				MTL_FAST_MATH = YES;
				ONLY_ACTIVE_ARCH = YES;
				SDKROOT = iphoneos;
				SWIFT_ACTIVE_COMPILATION_CONDITIONS = "DEBUG $(inherited)";
				SWIFT_OPTIMIZATION_LEVEL = "-Onone";
			};
			name = Debug;
		};
		FD9892CF2B33228100029588 /* Release */ = {
			isa = XCBuildConfiguration;
			buildSettings = {
				ALWAYS_SEARCH_USER_PATHS = NO;
				ASSETCATALOG_COMPILER_GENERATE_SWIFT_ASSET_SYMBOL_EXTENSIONS = YES;
				CLANG_ANALYZER_NONNULL = YES;
				CLANG_ANALYZER_NUMBER_OBJECT_CONVERSION = YES_AGGRESSIVE;
				CLANG_CXX_LANGUAGE_STANDARD = "gnu++20";
				CLANG_ENABLE_MODULES = YES;
				CLANG_ENABLE_OBJC_ARC = YES;
				CLANG_ENABLE_OBJC_WEAK = YES;
				CLANG_WARN_BLOCK_CAPTURE_AUTORELEASING = YES;
				CLANG_WARN_BOOL_CONVERSION = YES;
				CLANG_WARN_COMMA = YES;
				CLANG_WARN_CONSTANT_CONVERSION = YES;
				CLANG_WARN_DEPRECATED_OBJC_IMPLEMENTATIONS = YES;
				CLANG_WARN_DIRECT_OBJC_ISA_USAGE = YES_ERROR;
				CLANG_WARN_DOCUMENTATION_COMMENTS = YES;
				CLANG_WARN_EMPTY_BODY = YES;
				CLANG_WARN_ENUM_CONVERSION = YES;
				CLANG_WARN_INFINITE_RECURSION = YES;
				CLANG_WARN_INT_CONVERSION = YES;
				CLANG_WARN_NON_LITERAL_NULL_CONVERSION = YES;
				CLANG_WARN_OBJC_IMPLICIT_RETAIN_SELF = YES;
				CLANG_WARN_OBJC_LITERAL_CONVERSION = YES;
				CLANG_WARN_OBJC_ROOT_CLASS = YES_ERROR;
				CLANG_WARN_QUOTED_INCLUDE_IN_FRAMEWORK_HEADER = YES;
				CLANG_WARN_RANGE_LOOP_ANALYSIS = YES;
				CLANG_WARN_STRICT_PROTOTYPES = YES;
				CLANG_WARN_SUSPICIOUS_MOVE = YES;
				CLANG_WARN_UNGUARDED_AVAILABILITY = YES_AGGRESSIVE;
				CLANG_WARN_UNREACHABLE_CODE = YES;
				CLANG_WARN__DUPLICATE_METHOD_MATCH = YES;
				COPY_PHASE_STRIP = NO;
				DEBUG_INFORMATION_FORMAT = "dwarf-with-dsym";
				ENABLE_NS_ASSERTIONS = NO;
				ENABLE_STRICT_OBJC_MSGSEND = YES;
				ENABLE_USER_SCRIPT_SANDBOXING = YES;
				GCC_C_LANGUAGE_STANDARD = gnu17;
				GCC_NO_COMMON_BLOCKS = YES;
				GCC_WARN_64_TO_32_BIT_CONVERSION = YES;
				GCC_WARN_ABOUT_RETURN_TYPE = YES_ERROR;
				GCC_WARN_UNDECLARED_SELECTOR = YES;
				GCC_WARN_UNINITIALIZED_AUTOS = YES_AGGRESSIVE;
				GCC_WARN_UNUSED_FUNCTION = YES;
				GCC_WARN_UNUSED_VARIABLE = YES;
				IPHONEOS_DEPLOYMENT_TARGET = 17.0;
				LOCALIZATION_PREFERS_STRING_CATALOGS = YES;
				MTL_ENABLE_DEBUG_INFO = NO;
				MTL_FAST_MATH = YES;
				SDKROOT = iphoneos;
				SWIFT_COMPILATION_MODE = wholemodule;
				VALIDATE_PRODUCT = YES;
			};
			name = Release;
		};
		FD9892D12B33228100029588 /* Debug */ = {
			isa = XCBuildConfiguration;
			buildSettings = {
				ASSETCATALOG_COMPILER_APPICON_NAME = AppIcon;
				ASSETCATALOG_COMPILER_GLOBAL_ACCENT_COLOR_NAME = AccentColor;
				CODE_SIGN_STYLE = Automatic;
				CURRENT_PROJECT_VERSION = 1;
				DEVELOPMENT_TEAM = QWY8CP674Q;
				GENERATE_INFOPLIST_FILE = YES;
				INFOPLIST_FILE = "VIPER-SwiftUI-Combine-Sample/Info.plist";
				INFOPLIST_KEY_UIApplicationSupportsIndirectInputEvents = YES;
				INFOPLIST_KEY_UILaunchStoryboardName = LaunchScreen;
				INFOPLIST_KEY_UIMainStoryboardFile = Main;
				INFOPLIST_KEY_UISupportedInterfaceOrientations_iPad = "UIInterfaceOrientationPortrait UIInterfaceOrientationPortraitUpsideDown UIInterfaceOrientationLandscapeLeft UIInterfaceOrientationLandscapeRight";
				INFOPLIST_KEY_UISupportedInterfaceOrientations_iPhone = "UIInterfaceOrientationPortrait UIInterfaceOrientationLandscapeLeft UIInterfaceOrientationLandscapeRight";
				LD_RUNPATH_SEARCH_PATHS = (
					"$(inherited)",
					"@executable_path/Frameworks",
				);
				MARKETING_VERSION = 1.0;
				PRODUCT_BUNDLE_IDENTIFIER = "Swift-beginners2.VIPER-SwiftUI-Combine-Sample";
				PRODUCT_NAME = "$(TARGET_NAME)";
				SWIFT_EMIT_LOC_STRINGS = YES;
				SWIFT_VERSION = 5.0;
				TARGETED_DEVICE_FAMILY = "1,2";
			};
			name = Debug;
		};
		FD9892D22B33228100029588 /* Release */ = {
			isa = XCBuildConfiguration;
			buildSettings = {
				ASSETCATALOG_COMPILER_APPICON_NAME = AppIcon;
				ASSETCATALOG_COMPILER_GLOBAL_ACCENT_COLOR_NAME = AccentColor;
				CODE_SIGN_STYLE = Automatic;
				CURRENT_PROJECT_VERSION = 1;
				DEVELOPMENT_TEAM = QWY8CP674Q;
				GENERATE_INFOPLIST_FILE = YES;
				INFOPLIST_FILE = "VIPER-SwiftUI-Combine-Sample/Info.plist";
				INFOPLIST_KEY_UIApplicationSupportsIndirectInputEvents = YES;
				INFOPLIST_KEY_UILaunchStoryboardName = LaunchScreen;
				INFOPLIST_KEY_UIMainStoryboardFile = Main;
				INFOPLIST_KEY_UISupportedInterfaceOrientations_iPad = "UIInterfaceOrientationPortrait UIInterfaceOrientationPortraitUpsideDown UIInterfaceOrientationLandscapeLeft UIInterfaceOrientationLandscapeRight";
				INFOPLIST_KEY_UISupportedInterfaceOrientations_iPhone = "UIInterfaceOrientationPortrait UIInterfaceOrientationLandscapeLeft UIInterfaceOrientationLandscapeRight";
				LD_RUNPATH_SEARCH_PATHS = (
					"$(inherited)",
					"@executable_path/Frameworks",
				);
				MARKETING_VERSION = 1.0;
				PRODUCT_BUNDLE_IDENTIFIER = "Swift-beginners2.VIPER-SwiftUI-Combine-Sample";
				PRODUCT_NAME = "$(TARGET_NAME)";
				SWIFT_EMIT_LOC_STRINGS = YES;
				SWIFT_VERSION = 5.0;
				TARGETED_DEVICE_FAMILY = "1,2";
			};
			name = Release;
		};
		FD9892D42B33228100029588 /* Debug */ = {
			isa = XCBuildConfiguration;
			buildSettings = {
				ALWAYS_EMBED_SWIFT_STANDARD_LIBRARIES = YES;
				BUNDLE_LOADER = "$(TEST_HOST)";
				CODE_SIGN_STYLE = Automatic;
				CURRENT_PROJECT_VERSION = 1;
				DEVELOPMENT_TEAM = QWY8CP674Q;
				GENERATE_INFOPLIST_FILE = YES;
				IPHONEOS_DEPLOYMENT_TARGET = 17.0;
				MARKETING_VERSION = 1.0;
				PRODUCT_BUNDLE_IDENTIFIER = "Swift-beginners2.VIPER-SwiftUI-Combine-SampleTests";
				PRODUCT_NAME = "$(TARGET_NAME)";
				SWIFT_EMIT_LOC_STRINGS = NO;
				SWIFT_VERSION = 5.0;
				TARGETED_DEVICE_FAMILY = "1,2";
				TEST_HOST = "$(BUILT_PRODUCTS_DIR)/VIPER-SwiftUI-Combine-Sample.app/$(BUNDLE_EXECUTABLE_FOLDER_PATH)/VIPER-SwiftUI-Combine-Sample";
			};
			name = Debug;
		};
		FD9892D52B33228100029588 /* Release */ = {
			isa = XCBuildConfiguration;
			buildSettings = {
				ALWAYS_EMBED_SWIFT_STANDARD_LIBRARIES = YES;
				BUNDLE_LOADER = "$(TEST_HOST)";
				CODE_SIGN_STYLE = Automatic;
				CURRENT_PROJECT_VERSION = 1;
				DEVELOPMENT_TEAM = QWY8CP674Q;
				GENERATE_INFOPLIST_FILE = YES;
				IPHONEOS_DEPLOYMENT_TARGET = 17.0;
				MARKETING_VERSION = 1.0;
				PRODUCT_BUNDLE_IDENTIFIER = "Swift-beginners2.VIPER-SwiftUI-Combine-SampleTests";
				PRODUCT_NAME = "$(TARGET_NAME)";
				SWIFT_EMIT_LOC_STRINGS = NO;
				SWIFT_VERSION = 5.0;
				TARGETED_DEVICE_FAMILY = "1,2";
				TEST_HOST = "$(BUILT_PRODUCTS_DIR)/VIPER-SwiftUI-Combine-Sample.app/$(BUNDLE_EXECUTABLE_FOLDER_PATH)/VIPER-SwiftUI-Combine-Sample";
			};
			name = Release;
		};
		FD9892D72B33228100029588 /* Debug */ = {
			isa = XCBuildConfiguration;
			buildSettings = {
				ALWAYS_EMBED_SWIFT_STANDARD_LIBRARIES = YES;
				CODE_SIGN_STYLE = Automatic;
				CURRENT_PROJECT_VERSION = 1;
				DEVELOPMENT_TEAM = QWY8CP674Q;
				GENERATE_INFOPLIST_FILE = YES;
				MARKETING_VERSION = 1.0;
				PRODUCT_BUNDLE_IDENTIFIER = "Swift-beginners2.VIPER-SwiftUI-Combine-SampleUITests";
				PRODUCT_NAME = "$(TARGET_NAME)";
				SWIFT_EMIT_LOC_STRINGS = NO;
				SWIFT_VERSION = 5.0;
				TARGETED_DEVICE_FAMILY = "1,2";
				TEST_TARGET_NAME = "VIPER-SwiftUI-Combine-Sample";
			};
			name = Debug;
		};
		FD9892D82B33228100029588 /* Release */ = {
			isa = XCBuildConfiguration;
			buildSettings = {
				ALWAYS_EMBED_SWIFT_STANDARD_LIBRARIES = YES;
				CODE_SIGN_STYLE = Automatic;
				CURRENT_PROJECT_VERSION = 1;
				DEVELOPMENT_TEAM = QWY8CP674Q;
				GENERATE_INFOPLIST_FILE = YES;
				MARKETING_VERSION = 1.0;
				PRODUCT_BUNDLE_IDENTIFIER = "Swift-beginners2.VIPER-SwiftUI-Combine-SampleUITests";
				PRODUCT_NAME = "$(TARGET_NAME)";
				SWIFT_EMIT_LOC_STRINGS = NO;
				SWIFT_VERSION = 5.0;
				TARGETED_DEVICE_FAMILY = "1,2";
				TEST_TARGET_NAME = "VIPER-SwiftUI-Combine-Sample";
			};
			name = Release;
		};
/* End XCBuildConfiguration section */

/* Begin XCConfigurationList section */
		FD9892A12B33228000029588 /* Build configuration list for PBXProject "VIPER-SwiftUI-Combine-Sample" */ = {
			isa = XCConfigurationList;
			buildConfigurations = (
				FD9892CE2B33228100029588 /* Debug */,
				FD9892CF2B33228100029588 /* Release */,
			);
			defaultConfigurationIsVisible = 0;
			defaultConfigurationName = Release;
		};
		FD9892D02B33228100029588 /* Build configuration list for PBXNativeTarget "VIPER-SwiftUI-Combine-Sample" */ = {
			isa = XCConfigurationList;
			buildConfigurations = (
				FD9892D12B33228100029588 /* Debug */,
				FD9892D22B33228100029588 /* Release */,
			);
			defaultConfigurationIsVisible = 0;
			defaultConfigurationName = Release;
		};
		FD9892D32B33228100029588 /* Build configuration list for PBXNativeTarget "VIPER-SwiftUI-Combine-SampleTests" */ = {
			isa = XCConfigurationList;
			buildConfigurations = (
				FD9892D42B33228100029588 /* Debug */,
				FD9892D52B33228100029588 /* Release */,
			);
			defaultConfigurationIsVisible = 0;
			defaultConfigurationName = Release;
		};
		FD9892D62B33228100029588 /* Build configuration list for PBXNativeTarget "VIPER-SwiftUI-Combine-SampleUITests" */ = {
			isa = XCConfigurationList;
			buildConfigurations = (
				FD9892D72B33228100029588 /* Debug */,
				FD9892D82B33228100029588 /* Release */,
			);
			defaultConfigurationIsVisible = 0;
			defaultConfigurationName = Release;
		};
/* End XCConfigurationList section */
	};
	rootObject = FD98929E2B33228000029588 /* Project object */;
}
